
Microsoft Visual Studio Solution File, Format Version 12.00
# Visual Studio 15
VisualStudioVersion = 15.0.28307.168
MinimumVisualStudioVersion = 10.0.40219.1
Project("{FAE04EC0-301F-11D3-BF4B-00C04F79EFBC}") = "jszomorCAD", "jszomorCAD\jszomorCAD.csproj", "{34AA1FB3-50CD-4F3D-B7EA-210764123D4C}"
EndProject
Global
	GlobalSection(SolutionConfigurationPlatforms) = preSolution
		Debug|Any CPU = Debug|Any CPU
		Release|Any CPU = Release|Any CPU
	EndGlobalSection
	GlobalSection(ProjectConfigurationPlatforms) = postSolution
		{34AA1FB3-50CD-4F3D-B7EA-210764123D4C}.Debug|Any CPU.ActiveCfg = Debug|Any CPU
		{34AA1FB3-50CD-4F3D-B7EA-210764123D4C}.Debug|Any CPU.Build.0 = Debug|Any CPU
		{34AA1FB3-50CD-4F3D-B7EA-210764123D4C}.Release|Any CPU.ActiveCfg = Release|Any CPU
		{34AA1FB3-50CD-4F3D-B7EA-210764123D4C}.Release|Any CPU.Build.0 = Release|Any CPU
	EndGlobalSection
	GlobalSection(SolutionProperties) = preSolution
		HideSolutionNode = FALSE
	EndGlobalSection
	GlobalSection(ExtensibilityGlobals) = postSolution
		SolutionGuid = {FC28E8F7-5862-408D-A99D-36488807FC3A}
	EndGlobalSection
EndGlobal
