
Microsoft Visual Studio Solution File, Format Version 12.00
# Visual Studio Version 16
VisualStudioVersion = 16.0.29709.97
MinimumVisualStudioVersion = 10.0.40219.1
Project("{FAE04EC0-301F-11D3-BF4B-00C04F79EFBC}") = "jCAD.Core", "jszomorCAD\jCAD.Core.csproj", "{34AA1FB3-50CD-4F3D-B7EA-210764123D4C}"
EndProject
Project("{FAE04EC0-301F-11D3-BF4B-00C04F79EFBC}") = "jCAD.EquipmentProperty", "EquipmentPosition\EquipmentPosition\jCAD.EquipmentProperty.csproj", "{FE7104A8-3F0B-4441-8B60-D9E21AEA1BB5}"
EndProject
Project("{FAE04EC0-301F-11D3-BF4B-00C04F79EFBC}") = "jCAD.Test", "Test\jCAD.Test\jCAD.Test.csproj", "{73FDC96E-65F5-44CE-B572-D68EF93B743C}"
EndProject
Project("{9A19103F-16F7-4668-BE54-9A1E7A4F7556}") = "JsonFindKey", "JsonFindKey\JsonFindKey.csproj", "{6AF4B808-9848-4AFA-BC0B-7DC1F7674CC8}"
EndProject
Project("{FAE04EC0-301F-11D3-BF4B-00C04F79EFBC}") = "jCAD.PID_Builder", "jCAD.PID_Builder\jCAD.PID_Builder.csproj", "{BEA8BDAC-C575-4CDF-B08C-2D4455D3EAEF}"
EndProject
Project("{FAE04EC0-301F-11D3-BF4B-00C04F79EFBC}") = "OrganiCAD.AutoCAD", "Helper.AutoCAD\OrganiCAD.AutoCAD.csproj", "{F6263436-2892-4372-A84F-7BD6A8A4AF1E}"
EndProject
Project("{FAE04EC0-301F-11D3-BF4B-00C04F79EFBC}") = "ConsoleSerialization", "ConsoleSerialization\ConsoleSerialization\ConsoleSerialization.csproj", "{B59883E3-575E-4437-A367-048034AAA4F8}"
EndProject
Global
	GlobalSection(SolutionConfigurationPlatforms) = preSolution
		Debug|Any CPU = Debug|Any CPU
		Development|Any CPU = Development|Any CPU
		Production|Any CPU = Production|Any CPU
		Release|Any CPU = Release|Any CPU
		Staging|Any CPU = Staging|Any CPU
		Testing|Any CPU = Testing|Any CPU
	EndGlobalSection
	GlobalSection(ProjectConfigurationPlatforms) = postSolution
		{34AA1FB3-50CD-4F3D-B7EA-210764123D4C}.Debug|Any CPU.ActiveCfg = Debug|Any CPU
		{34AA1FB3-50CD-4F3D-B7EA-210764123D4C}.Debug|Any CPU.Build.0 = Debug|Any CPU
		{34AA1FB3-50CD-4F3D-B7EA-210764123D4C}.Development|Any CPU.ActiveCfg = Debug|Any CPU
		{34AA1FB3-50CD-4F3D-B7EA-210764123D4C}.Development|Any CPU.Build.0 = Debug|Any CPU
		{34AA1FB3-50CD-4F3D-B7EA-210764123D4C}.Production|Any CPU.ActiveCfg = Release|Any CPU
		{34AA1FB3-50CD-4F3D-B7EA-210764123D4C}.Production|Any CPU.Build.0 = Release|Any CPU
		{34AA1FB3-50CD-4F3D-B7EA-210764123D4C}.Release|Any CPU.ActiveCfg = Release|Any CPU
		{34AA1FB3-50CD-4F3D-B7EA-210764123D4C}.Release|Any CPU.Build.0 = Release|Any CPU
		{34AA1FB3-50CD-4F3D-B7EA-210764123D4C}.Staging|Any CPU.ActiveCfg = Release|Any CPU
		{34AA1FB3-50CD-4F3D-B7EA-210764123D4C}.Staging|Any CPU.Build.0 = Release|Any CPU
		{34AA1FB3-50CD-4F3D-B7EA-210764123D4C}.Testing|Any CPU.ActiveCfg = Release|Any CPU
		{34AA1FB3-50CD-4F3D-B7EA-210764123D4C}.Testing|Any CPU.Build.0 = Release|Any CPU
		{FE7104A8-3F0B-4441-8B60-D9E21AEA1BB5}.Debug|Any CPU.ActiveCfg = Debug|Any CPU
		{FE7104A8-3F0B-4441-8B60-D9E21AEA1BB5}.Debug|Any CPU.Build.0 = Debug|Any CPU
		{FE7104A8-3F0B-4441-8B60-D9E21AEA1BB5}.Development|Any CPU.ActiveCfg = Debug|Any CPU
		{FE7104A8-3F0B-4441-8B60-D9E21AEA1BB5}.Development|Any CPU.Build.0 = Debug|Any CPU
		{FE7104A8-3F0B-4441-8B60-D9E21AEA1BB5}.Production|Any CPU.ActiveCfg = Release|Any CPU
		{FE7104A8-3F0B-4441-8B60-D9E21AEA1BB5}.Production|Any CPU.Build.0 = Release|Any CPU
		{FE7104A8-3F0B-4441-8B60-D9E21AEA1BB5}.Release|Any CPU.ActiveCfg = Release|Any CPU
		{FE7104A8-3F0B-4441-8B60-D9E21AEA1BB5}.Release|Any CPU.Build.0 = Release|Any CPU
		{FE7104A8-3F0B-4441-8B60-D9E21AEA1BB5}.Staging|Any CPU.ActiveCfg = Release|Any CPU
		{FE7104A8-3F0B-4441-8B60-D9E21AEA1BB5}.Staging|Any CPU.Build.0 = Release|Any CPU
		{FE7104A8-3F0B-4441-8B60-D9E21AEA1BB5}.Testing|Any CPU.ActiveCfg = Release|Any CPU
		{FE7104A8-3F0B-4441-8B60-D9E21AEA1BB5}.Testing|Any CPU.Build.0 = Release|Any CPU
		{73FDC96E-65F5-44CE-B572-D68EF93B743C}.Debug|Any CPU.ActiveCfg = Debug|Any CPU
		{73FDC96E-65F5-44CE-B572-D68EF93B743C}.Debug|Any CPU.Build.0 = Debug|Any CPU
		{73FDC96E-65F5-44CE-B572-D68EF93B743C}.Development|Any CPU.ActiveCfg = Debug|Any CPU
		{73FDC96E-65F5-44CE-B572-D68EF93B743C}.Development|Any CPU.Build.0 = Debug|Any CPU
		{73FDC96E-65F5-44CE-B572-D68EF93B743C}.Production|Any CPU.ActiveCfg = Release|Any CPU
		{73FDC96E-65F5-44CE-B572-D68EF93B743C}.Production|Any CPU.Build.0 = Release|Any CPU
		{73FDC96E-65F5-44CE-B572-D68EF93B743C}.Release|Any CPU.ActiveCfg = Release|Any CPU
		{73FDC96E-65F5-44CE-B572-D68EF93B743C}.Release|Any CPU.Build.0 = Release|Any CPU
		{73FDC96E-65F5-44CE-B572-D68EF93B743C}.Staging|Any CPU.ActiveCfg = Release|Any CPU
		{73FDC96E-65F5-44CE-B572-D68EF93B743C}.Staging|Any CPU.Build.0 = Release|Any CPU
		{73FDC96E-65F5-44CE-B572-D68EF93B743C}.Testing|Any CPU.ActiveCfg = Release|Any CPU
		{73FDC96E-65F5-44CE-B572-D68EF93B743C}.Testing|Any CPU.Build.0 = Release|Any CPU
		{6AF4B808-9848-4AFA-BC0B-7DC1F7674CC8}.Debug|Any CPU.ActiveCfg = Debug|Any CPU
		{6AF4B808-9848-4AFA-BC0B-7DC1F7674CC8}.Debug|Any CPU.Build.0 = Debug|Any CPU
		{6AF4B808-9848-4AFA-BC0B-7DC1F7674CC8}.Development|Any CPU.ActiveCfg = Debug|Any CPU
		{6AF4B808-9848-4AFA-BC0B-7DC1F7674CC8}.Development|Any CPU.Build.0 = Debug|Any CPU
		{6AF4B808-9848-4AFA-BC0B-7DC1F7674CC8}.Production|Any CPU.ActiveCfg = Release|Any CPU
		{6AF4B808-9848-4AFA-BC0B-7DC1F7674CC8}.Production|Any CPU.Build.0 = Release|Any CPU
		{6AF4B808-9848-4AFA-BC0B-7DC1F7674CC8}.Release|Any CPU.ActiveCfg = Release|Any CPU
		{6AF4B808-9848-4AFA-BC0B-7DC1F7674CC8}.Release|Any CPU.Build.0 = Release|Any CPU
		{6AF4B808-9848-4AFA-BC0B-7DC1F7674CC8}.Staging|Any CPU.ActiveCfg = Release|Any CPU
		{6AF4B808-9848-4AFA-BC0B-7DC1F7674CC8}.Staging|Any CPU.Build.0 = Release|Any CPU
		{6AF4B808-9848-4AFA-BC0B-7DC1F7674CC8}.Testing|Any CPU.ActiveCfg = Release|Any CPU
		{6AF4B808-9848-4AFA-BC0B-7DC1F7674CC8}.Testing|Any CPU.Build.0 = Release|Any CPU
		{BEA8BDAC-C575-4CDF-B08C-2D4455D3EAEF}.Debug|Any CPU.ActiveCfg = Debug|Any CPU
		{BEA8BDAC-C575-4CDF-B08C-2D4455D3EAEF}.Debug|Any CPU.Build.0 = Debug|Any CPU
		{BEA8BDAC-C575-4CDF-B08C-2D4455D3EAEF}.Development|Any CPU.ActiveCfg = Debug|Any CPU
		{BEA8BDAC-C575-4CDF-B08C-2D4455D3EAEF}.Development|Any CPU.Build.0 = Debug|Any CPU
		{BEA8BDAC-C575-4CDF-B08C-2D4455D3EAEF}.Production|Any CPU.ActiveCfg = Release|Any CPU
		{BEA8BDAC-C575-4CDF-B08C-2D4455D3EAEF}.Production|Any CPU.Build.0 = Release|Any CPU
		{BEA8BDAC-C575-4CDF-B08C-2D4455D3EAEF}.Release|Any CPU.ActiveCfg = Release|Any CPU
		{BEA8BDAC-C575-4CDF-B08C-2D4455D3EAEF}.Release|Any CPU.Build.0 = Release|Any CPU
		{BEA8BDAC-C575-4CDF-B08C-2D4455D3EAEF}.Staging|Any CPU.ActiveCfg = Release|Any CPU
		{BEA8BDAC-C575-4CDF-B08C-2D4455D3EAEF}.Staging|Any CPU.Build.0 = Release|Any CPU
		{BEA8BDAC-C575-4CDF-B08C-2D4455D3EAEF}.Testing|Any CPU.ActiveCfg = Release|Any CPU
		{BEA8BDAC-C575-4CDF-B08C-2D4455D3EAEF}.Testing|Any CPU.Build.0 = Release|Any CPU
		{F6263436-2892-4372-A84F-7BD6A8A4AF1E}.Debug|Any CPU.ActiveCfg = Debug|Any CPU
		{F6263436-2892-4372-A84F-7BD6A8A4AF1E}.Debug|Any CPU.Build.0 = Debug|Any CPU
		{F6263436-2892-4372-A84F-7BD6A8A4AF1E}.Development|Any CPU.ActiveCfg = Development|Any CPU
		{F6263436-2892-4372-A84F-7BD6A8A4AF1E}.Development|Any CPU.Build.0 = Development|Any CPU
		{F6263436-2892-4372-A84F-7BD6A8A4AF1E}.Production|Any CPU.ActiveCfg = Production|Any CPU
		{F6263436-2892-4372-A84F-7BD6A8A4AF1E}.Production|Any CPU.Build.0 = Production|Any CPU
		{F6263436-2892-4372-A84F-7BD6A8A4AF1E}.Release|Any CPU.ActiveCfg = Release|Any CPU
		{F6263436-2892-4372-A84F-7BD6A8A4AF1E}.Release|Any CPU.Build.0 = Release|Any CPU
		{F6263436-2892-4372-A84F-7BD6A8A4AF1E}.Staging|Any CPU.ActiveCfg = Staging|Any CPU
		{F6263436-2892-4372-A84F-7BD6A8A4AF1E}.Staging|Any CPU.Build.0 = Staging|Any CPU
		{F6263436-2892-4372-A84F-7BD6A8A4AF1E}.Testing|Any CPU.ActiveCfg = Testing|Any CPU
		{F6263436-2892-4372-A84F-7BD6A8A4AF1E}.Testing|Any CPU.Build.0 = Testing|Any CPU
		{B59883E3-575E-4437-A367-048034AAA4F8}.Debug|Any CPU.ActiveCfg = Debug|Any CPU
		{B59883E3-575E-4437-A367-048034AAA4F8}.Debug|Any CPU.Build.0 = Debug|Any CPU
		{B59883E3-575E-4437-A367-048034AAA4F8}.Development|Any CPU.ActiveCfg = Debug|Any CPU
		{B59883E3-575E-4437-A367-048034AAA4F8}.Development|Any CPU.Build.0 = Debug|Any CPU
		{B59883E3-575E-4437-A367-048034AAA4F8}.Production|Any CPU.ActiveCfg = Debug|Any CPU
		{B59883E3-575E-4437-A367-048034AAA4F8}.Production|Any CPU.Build.0 = Debug|Any CPU
		{B59883E3-575E-4437-A367-048034AAA4F8}.Release|Any CPU.ActiveCfg = Release|Any CPU
		{B59883E3-575E-4437-A367-048034AAA4F8}.Release|Any CPU.Build.0 = Release|Any CPU
		{B59883E3-575E-4437-A367-048034AAA4F8}.Staging|Any CPU.ActiveCfg = Debug|Any CPU
		{B59883E3-575E-4437-A367-048034AAA4F8}.Staging|Any CPU.Build.0 = Debug|Any CPU
		{B59883E3-575E-4437-A367-048034AAA4F8}.Testing|Any CPU.ActiveCfg = Debug|Any CPU
		{B59883E3-575E-4437-A367-048034AAA4F8}.Testing|Any CPU.Build.0 = Debug|Any CPU
	EndGlobalSection
	GlobalSection(SolutionProperties) = preSolution
		HideSolutionNode = FALSE
	EndGlobalSection
	GlobalSection(ExtensibilityGlobals) = postSolution
		SolutionGuid = {FC28E8F7-5862-408D-A99D-36488807FC3A}
	EndGlobalSection
EndGlobal
